// !$*UTF8*$!
{
	archiveVersion = 1;
	classes = {
	};
	objectVersion = 46;
	objects = {

/* Begin PBXBuildFile section */
		4B0C9F141BB8319D006C3CF8 /* SwiftyJSON.framework in Frameworks */ = {isa = PBXBuildFile; fileRef = 4B0C9F0B1BB83195006C3CF8 /* SwiftyJSON.framework */; };
		4B0EDDE01BD64C5800490467 /* GeometryAdjustment.swift in Sources */ = {isa = PBXBuildFile; fileRef = 4B0EDDDF1BD64C5800490467 /* GeometryAdjustment.swift */; };
		4B2238631B668F23000F735E /* LightRoom.h in Headers */ = {isa = PBXBuildFile; fileRef = 4B2238621B668F23000F735E /* LightRoom.h */; settings = {ATTRIBUTES = (Public, ); }; };
		4B22386A1B668F23000F735E /* LightRoom.framework in Frameworks */ = {isa = PBXBuildFile; fileRef = 4B22385F1B668F23000F735E /* LightRoom.framework */; };
		4B2E07AB1B6FD04E005B9278 /* CreateFilterTests.swift in Sources */ = {isa = PBXBuildFile; fileRef = 4B2E07AA1B6FD04E005B9278 /* CreateFilterTests.swift */; };
		4B73F3F81C7B4FDD006AC34D /* FilterComponent.swift in Sources */ = {isa = PBXBuildFile; fileRef = 4B73F3F71C7B4FDD006AC34D /* FilterComponent.swift */; };
		4B73F3FF1C7B4FE7006AC34D /* FilterChain.swift in Sources */ = {isa = PBXBuildFile; fileRef = 4B73F3FE1C7B4FE7006AC34D /* FilterChain.swift */; };
		4BD6CD351BD38E5700FFF931 /* Blur.swift in Sources */ = {isa = PBXBuildFile; fileRef = 4BD6CD281BD38E5700FFF931 /* Blur.swift */; };
		4BD6CD361BD38E5700FFF931 /* ColorAdjustment.swift in Sources */ = {isa = PBXBuildFile; fileRef = 4BD6CD291BD38E5700FFF931 /* ColorAdjustment.swift */; };
		4BD6CD371BD38E5700FFF931 /* ColorEffect.swift in Sources */ = {isa = PBXBuildFile; fileRef = 4BD6CD2A1BD38E5700FFF931 /* ColorEffect.swift */; };
		4BD6CD391BD38E5700FFF931 /* CompositeOperation.swift in Sources */ = {isa = PBXBuildFile; fileRef = 4BD6CD2C1BD38E5700FFF931 /* CompositeOperation.swift */; };
		4BD6CD3A1BD38E5700FFF931 /* Detectors.swift in Sources */ = {isa = PBXBuildFile; fileRef = 4BD6CD2D1BD38E5700FFF931 /* Detectors.swift */; };
		4BD6CD3B1BD38E5700FFF931 /* DistortionEffect.swift in Sources */ = {isa = PBXBuildFile; fileRef = 4BD6CD2E1BD38E5700FFF931 /* DistortionEffect.swift */; };
		4BD6CD3D1BD38E5700FFF931 /* Generator.swift in Sources */ = {isa = PBXBuildFile; fileRef = 4BD6CD301BD38E5700FFF931 /* Generator.swift */; };
		4BD6CD3E1BD38E5700FFF931 /* Gradient.swift in Sources */ = {isa = PBXBuildFile; fileRef = 4BD6CD311BD38E5700FFF931 /* Gradient.swift */; };
		4BD6CD3F1BD38E5700FFF931 /* LightRoom.swift in Sources */ = {isa = PBXBuildFile; fileRef = 4BD6CD321BD38E5700FFF931 /* LightRoom.swift */; };
		4BD6CD401BD38E5700FFF931 /* Sharpen.swift in Sources */ = {isa = PBXBuildFile; fileRef = 4BD6CD331BD38E5700FFF931 /* Sharpen.swift */; };
		4BD6CD411BD38E5700FFF931 /* Stylize.swift in Sources */ = {isa = PBXBuildFile; fileRef = 4BD6CD341BD38E5700FFF931 /* Stylize.swift */; };
/* End PBXBuildFile section */

/* Begin PBXContainerItemProxy section */
		4B0C9F031BB83195006C3CF8 /* PBXContainerItemProxy */ = {
			isa = PBXContainerItemProxy;
			containerPortal = 4B0C9EE01BB83195006C3CF8 /* Example.xcodeproj */;
			proxyType = 2;
			remoteGlobalIDString = A82A1C1919D926B8009A653D;
			remoteInfo = Example;
		};
		4B0C9F0A1BB83195006C3CF8 /* PBXContainerItemProxy */ = {
			isa = PBXContainerItemProxy;
			containerPortal = 4B0C9EED1BB83195006C3CF8 /* SwiftyJSON.xcodeproj */;
			proxyType = 2;
			remoteGlobalIDString = 2E4FEFDB19575BE100351305;
			remoteInfo = "SwiftyJSON iOS";
		};
		4B0C9F0C1BB83195006C3CF8 /* PBXContainerItemProxy */ = {
			isa = PBXContainerItemProxy;
			containerPortal = 4B0C9EED1BB83195006C3CF8 /* SwiftyJSON.xcodeproj */;
			proxyType = 2;
			remoteGlobalIDString = 2E4FEFE619575BE100351305;
			remoteInfo = "SwiftyJSON iOS Tests";
		};
		4B0C9F0E1BB83195006C3CF8 /* PBXContainerItemProxy */ = {
			isa = PBXContainerItemProxy;
			containerPortal = 4B0C9EED1BB83195006C3CF8 /* SwiftyJSON.xcodeproj */;
			proxyType = 2;
			remoteGlobalIDString = 9C7DFC5B1A9102BD005AA3F7;
			remoteInfo = "SwiftyJSON OSX";
		};
		4B0C9F101BB83195006C3CF8 /* PBXContainerItemProxy */ = {
			isa = PBXContainerItemProxy;
			containerPortal = 4B0C9EED1BB83195006C3CF8 /* SwiftyJSON.xcodeproj */;
			proxyType = 2;
			remoteGlobalIDString = 9C7DFC651A9102BD005AA3F7;
			remoteInfo = "SwiftyJSON OSX Tests";
		};
		4B0C9F121BB83195006C3CF8 /* PBXContainerItemProxy */ = {
			isa = PBXContainerItemProxy;
			containerPortal = 4B0C9EED1BB83195006C3CF8 /* SwiftyJSON.xcodeproj */;
			proxyType = 2;
			remoteGlobalIDString = E4D7CCE81B9465A700EE7221;
			remoteInfo = "SwiftyJSON watchOS";
		};
		4B0C9F1C1BB8600F006C3CF8 /* PBXContainerItemProxy */ = {
			isa = PBXContainerItemProxy;
			containerPortal = 4B0C9EED1BB83195006C3CF8 /* SwiftyJSON.xcodeproj */;
			proxyType = 1;
			remoteGlobalIDString = 2E4FEFDA19575BE100351305;
			remoteInfo = "SwiftyJSON iOS";
		};
		4B22386B1B668F23000F735E /* PBXContainerItemProxy */ = {
			isa = PBXContainerItemProxy;
			containerPortal = 4B2238561B668F23000F735E /* Project object */;
			proxyType = 1;
			remoteGlobalIDString = 4B22385E1B668F23000F735E;
			remoteInfo = LightRoom;
		};
/* End PBXContainerItemProxy section */

/* Begin PBXFileReference section */
		4B0C9ED31BB83195006C3CF8 /* .gitignore */ = {isa = PBXFileReference; lastKnownFileType = text; path = .gitignore; sourceTree = "<group>"; };
		4B0C9ED41BB83195006C3CF8 /* .travis.yml */ = {isa = PBXFileReference; lastKnownFileType = text; path = .travis.yml; sourceTree = "<group>"; };
		4B0C9ED71BB83195006C3CF8 /* AppDelegate.swift */ = {isa = PBXFileReference; lastKnownFileType = sourcecode.swift; path = AppDelegate.swift; sourceTree = "<group>"; };
		4B0C9ED91BB83195006C3CF8 /* Base */ = {isa = PBXFileReference; lastKnownFileType = file.xib; name = Base; path = Base.lproj/LaunchScreen.xib; sourceTree = "<group>"; };
		4B0C9EDB1BB83195006C3CF8 /* Base */ = {isa = PBXFileReference; lastKnownFileType = file.storyboard; name = Base; path = Base.lproj/Main.storyboard; sourceTree = "<group>"; };
		4B0C9EDC1BB83195006C3CF8 /* Images.xcassets */ = {isa = PBXFileReference; lastKnownFileType = folder.assetcatalog; path = Images.xcassets; sourceTree = "<group>"; };
		4B0C9EDD1BB83195006C3CF8 /* Info.plist */ = {isa = PBXFileReference; lastKnownFileType = text.plist.xml; path = Info.plist; sourceTree = "<group>"; };
		4B0C9EDE1BB83195006C3CF8 /* SwiftyJSONTests.json */ = {isa = PBXFileReference; lastKnownFileType = text.json; path = SwiftyJSONTests.json; sourceTree = "<group>"; };
		4B0C9EDF1BB83195006C3CF8 /* ViewController.swift */ = {isa = PBXFileReference; lastKnownFileType = sourcecode.swift; path = ViewController.swift; sourceTree = "<group>"; };
		4B0C9EE01BB83195006C3CF8 /* Example.xcodeproj */ = {isa = PBXFileReference; lastKnownFileType = "wrapper.pb-project"; path = Example.xcodeproj; sourceTree = "<group>"; };
		4B0C9EE41BB83195006C3CF8 /* LICENSE */ = {isa = PBXFileReference; lastKnownFileType = text; path = LICENSE; sourceTree = "<group>"; };
		4B0C9EE51BB83195006C3CF8 /* README.md */ = {isa = PBXFileReference; lastKnownFileType = net.daringfireball.markdown; path = README.md; sourceTree = "<group>"; };
		4B0C9EE71BB83195006C3CF8 /* Info-iOS.plist */ = {isa = PBXFileReference; lastKnownFileType = text.plist.xml; path = "Info-iOS.plist"; sourceTree = "<group>"; };
		4B0C9EE81BB83195006C3CF8 /* Info-OSX.plist */ = {isa = PBXFileReference; lastKnownFileType = text.plist.xml; path = "Info-OSX.plist"; sourceTree = "<group>"; };
		4B0C9EE91BB83195006C3CF8 /* Info-watchOS.plist */ = {isa = PBXFileReference; lastKnownFileType = text.plist.xml; path = "Info-watchOS.plist"; sourceTree = "<group>"; };
		4B0C9EEA1BB83195006C3CF8 /* SwiftyJSON.h */ = {isa = PBXFileReference; lastKnownFileType = sourcecode.c.h; path = SwiftyJSON.h; sourceTree = "<group>"; };
		4B0C9EEB1BB83195006C3CF8 /* SwiftyJSON.swift */ = {isa = PBXFileReference; lastKnownFileType = sourcecode.swift; path = SwiftyJSON.swift; sourceTree = "<group>"; };
		4B0C9EEC1BB83195006C3CF8 /* SwiftyJSON.podspec */ = {isa = PBXFileReference; lastKnownFileType = text; path = SwiftyJSON.podspec; sourceTree = "<group>"; };
		4B0C9EED1BB83195006C3CF8 /* SwiftyJSON.xcodeproj */ = {isa = PBXFileReference; lastKnownFileType = "wrapper.pb-project"; path = SwiftyJSON.xcodeproj; sourceTree = "<group>"; };
		4B0C9EF01BB83195006C3CF8 /* SwiftyJSON.xcworkspace */ = {isa = PBXFileReference; lastKnownFileType = wrapper.workspace; path = SwiftyJSON.xcworkspace; sourceTree = "<group>"; };
		4B0C9EF21BB83195006C3CF8 /* ArrayTests.swift */ = {isa = PBXFileReference; lastKnownFileType = sourcecode.swift; path = ArrayTests.swift; sourceTree = "<group>"; };
		4B0C9EF31BB83195006C3CF8 /* BaseTests.swift */ = {isa = PBXFileReference; lastKnownFileType = sourcecode.swift; path = BaseTests.swift; sourceTree = "<group>"; };
		4B0C9EF41BB83195006C3CF8 /* ComparableTests.swift */ = {isa = PBXFileReference; lastKnownFileType = sourcecode.swift; path = ComparableTests.swift; sourceTree = "<group>"; };
		4B0C9EF51BB83195006C3CF8 /* DictionaryTests.swift */ = {isa = PBXFileReference; lastKnownFileType = sourcecode.swift; path = DictionaryTests.swift; sourceTree = "<group>"; };
		4B0C9EF61BB83195006C3CF8 /* Info-iOS.plist */ = {isa = PBXFileReference; lastKnownFileType = text.plist.xml; path = "Info-iOS.plist"; sourceTree = "<group>"; };
		4B0C9EF71BB83195006C3CF8 /* Info-OSX.plist */ = {isa = PBXFileReference; lastKnownFileType = text.plist.xml; path = "Info-OSX.plist"; sourceTree = "<group>"; };
		4B0C9EF81BB83195006C3CF8 /* LiteralConvertibleTests.swift */ = {isa = PBXFileReference; lastKnownFileType = sourcecode.swift; path = LiteralConvertibleTests.swift; sourceTree = "<group>"; };
		4B0C9EF91BB83195006C3CF8 /* NumberTests.swift */ = {isa = PBXFileReference; lastKnownFileType = sourcecode.swift; path = NumberTests.swift; sourceTree = "<group>"; };
		4B0C9EFA1BB83195006C3CF8 /* PerformanceTests.swift */ = {isa = PBXFileReference; lastKnownFileType = sourcecode.swift; path = PerformanceTests.swift; sourceTree = "<group>"; };
		4B0C9EFB1BB83195006C3CF8 /* PrintableTests.swift */ = {isa = PBXFileReference; lastKnownFileType = sourcecode.swift; path = PrintableTests.swift; sourceTree = "<group>"; };
		4B0C9EFC1BB83195006C3CF8 /* RawRepresentableTests.swift */ = {isa = PBXFileReference; lastKnownFileType = sourcecode.swift; path = RawRepresentableTests.swift; sourceTree = "<group>"; };
		4B0C9EFD1BB83195006C3CF8 /* RawTests.swift */ = {isa = PBXFileReference; lastKnownFileType = sourcecode.swift; path = RawTests.swift; sourceTree = "<group>"; };
		4B0C9EFE1BB83195006C3CF8 /* SequenceTypeTests.swift */ = {isa = PBXFileReference; lastKnownFileType = sourcecode.swift; path = SequenceTypeTests.swift; sourceTree = "<group>"; };
		4B0C9EFF1BB83195006C3CF8 /* StringTests.swift */ = {isa = PBXFileReference; lastKnownFileType = sourcecode.swift; path = StringTests.swift; sourceTree = "<group>"; };
		4B0C9F001BB83195006C3CF8 /* SubscriptTests.swift */ = {isa = PBXFileReference; lastKnownFileType = sourcecode.swift; path = SubscriptTests.swift; sourceTree = "<group>"; };
		4B0C9F011BB83195006C3CF8 /* Tests.json */ = {isa = PBXFileReference; lastKnownFileType = text.json; path = Tests.json; sourceTree = "<group>"; };
		4B0EDDDF1BD64C5800490467 /* GeometryAdjustment.swift */ = {isa = PBXFileReference; fileEncoding = 4; lastKnownFileType = sourcecode.swift; path = GeometryAdjustment.swift; sourceTree = "<group>"; };
		4B22385F1B668F23000F735E /* LightRoom.framework */ = {isa = PBXFileReference; explicitFileType = wrapper.framework; includeInIndex = 0; path = LightRoom.framework; sourceTree = BUILT_PRODUCTS_DIR; };
		4B2238621B668F23000F735E /* LightRoom.h */ = {isa = PBXFileReference; lastKnownFileType = sourcecode.c.h; path = LightRoom.h; sourceTree = "<group>"; };
		4B2238641B668F23000F735E /* Info.plist */ = {isa = PBXFileReference; lastKnownFileType = text.plist.xml; path = Info.plist; sourceTree = "<group>"; };
		4B2238691B668F23000F735E /* LightRoomTests.xctest */ = {isa = PBXFileReference; explicitFileType = wrapper.cfbundle; includeInIndex = 0; path = LightRoomTests.xctest; sourceTree = BUILT_PRODUCTS_DIR; };
		4B2238701B668F23000F735E /* Info.plist */ = {isa = PBXFileReference; lastKnownFileType = text.plist.xml; path = Info.plist; sourceTree = "<group>"; };
		4B22387A1B668F8E000F735E /* Main.playground */ = {isa = PBXFileReference; lastKnownFileType = file.playground; path = Main.playground; sourceTree = "<group>"; };
		4B2E07AA1B6FD04E005B9278 /* CreateFilterTests.swift */ = {isa = PBXFileReference; fileEncoding = 4; lastKnownFileType = sourcecode.swift; path = CreateFilterTests.swift; sourceTree = "<group>"; };
		4B73F3F71C7B4FDD006AC34D /* FilterComponent.swift */ = {isa = PBXFileReference; fileEncoding = 4; lastKnownFileType = sourcecode.swift; path = FilterComponent.swift; sourceTree = "<group>"; };
		4B73F3FE1C7B4FE7006AC34D /* FilterChain.swift */ = {isa = PBXFileReference; fileEncoding = 4; lastKnownFileType = sourcecode.swift; path = FilterChain.swift; sourceTree = "<group>"; };
		4BA380E61BA5DA6000C98D59 /* Filter.playground */ = {isa = PBXFileReference; lastKnownFileType = file.playground; path = Filter.playground; sourceTree = "<group>"; };
		4BD351AA1B6DDEC500E7E038 /* QRCode.playground */ = {isa = PBXFileReference; lastKnownFileType = file.playground; path = QRCode.playground; sourceTree = "<group>"; };
		4BD6CD281BD38E5700FFF931 /* Blur.swift */ = {isa = PBXFileReference; fileEncoding = 4; lastKnownFileType = sourcecode.swift; path = Blur.swift; sourceTree = "<group>"; };
		4BD6CD291BD38E5700FFF931 /* ColorAdjustment.swift */ = {isa = PBXFileReference; fileEncoding = 4; lastKnownFileType = sourcecode.swift; path = ColorAdjustment.swift; sourceTree = "<group>"; };
		4BD6CD2A1BD38E5700FFF931 /* ColorEffect.swift */ = {isa = PBXFileReference; fileEncoding = 4; lastKnownFileType = sourcecode.swift; path = ColorEffect.swift; sourceTree = "<group>"; };
		4BD6CD2C1BD38E5700FFF931 /* CompositeOperation.swift */ = {isa = PBXFileReference; fileEncoding = 4; lastKnownFileType = sourcecode.swift; path = CompositeOperation.swift; sourceTree = "<group>"; };
		4BD6CD2D1BD38E5700FFF931 /* Detectors.swift */ = {isa = PBXFileReference; fileEncoding = 4; lastKnownFileType = sourcecode.swift; path = Detectors.swift; sourceTree = "<group>"; };
		4BD6CD2E1BD38E5700FFF931 /* DistortionEffect.swift */ = {isa = PBXFileReference; fileEncoding = 4; lastKnownFileType = sourcecode.swift; path = DistortionEffect.swift; sourceTree = "<group>"; };
		4BD6CD301BD38E5700FFF931 /* Generator.swift */ = {isa = PBXFileReference; fileEncoding = 4; lastKnownFileType = sourcecode.swift; path = Generator.swift; sourceTree = "<group>"; };
		4BD6CD311BD38E5700FFF931 /* Gradient.swift */ = {isa = PBXFileReference; fileEncoding = 4; lastKnownFileType = sourcecode.swift; path = Gradient.swift; sourceTree = "<group>"; };
		4BD6CD321BD38E5700FFF931 /* LightRoom.swift */ = {isa = PBXFileReference; fileEncoding = 4; lastKnownFileType = sourcecode.swift; path = LightRoom.swift; sourceTree = "<group>"; };
		4BD6CD331BD38E5700FFF931 /* Sharpen.swift */ = {isa = PBXFileReference; fileEncoding = 4; lastKnownFileType = sourcecode.swift; path = Sharpen.swift; sourceTree = "<group>"; };
		4BD6CD341BD38E5700FFF931 /* Stylize.swift */ = {isa = PBXFileReference; fileEncoding = 4; lastKnownFileType = sourcecode.swift; path = Stylize.swift; sourceTree = "<group>"; };
/* End PBXFileReference section */

/* Begin PBXFrameworksBuildPhase section */
		4B22385B1B668F23000F735E /* Frameworks */ = {
			isa = PBXFrameworksBuildPhase;
			buildActionMask = 2147483647;
			files = (
				4B0C9F141BB8319D006C3CF8 /* SwiftyJSON.framework in Frameworks */,
			);
			runOnlyForDeploymentPostprocessing = 0;
		};
		4B2238661B668F23000F735E /* Frameworks */ = {
			isa = PBXFrameworksBuildPhase;
			buildActionMask = 2147483647;
			files = (
				4B22386A1B668F23000F735E /* LightRoom.framework in Frameworks */,
			);
			runOnlyForDeploymentPostprocessing = 0;
		};
/* End PBXFrameworksBuildPhase section */

/* Begin PBXGroup section */
		4B0C9ED11BB83195006C3CF8 /* Frameworks */ = {
			isa = PBXGroup;
			children = (
				4B0C9ED21BB83195006C3CF8 /* SwiftyJSON */,
			);
			path = Frameworks;
			sourceTree = "<group>";
		};
		4B0C9ED21BB83195006C3CF8 /* SwiftyJSON */ = {
			isa = PBXGroup;
			children = (
				4B0C9ED31BB83195006C3CF8 /* .gitignore */,
				4B0C9ED41BB83195006C3CF8 /* .travis.yml */,
				4B0C9ED51BB83195006C3CF8 /* Example */,
				4B0C9EE41BB83195006C3CF8 /* LICENSE */,
				4B0C9EE51BB83195006C3CF8 /* README.md */,
				4B0C9EE61BB83195006C3CF8 /* Source */,
				4B0C9EEC1BB83195006C3CF8 /* SwiftyJSON.podspec */,
				4B0C9EED1BB83195006C3CF8 /* SwiftyJSON.xcodeproj */,
				4B0C9EF01BB83195006C3CF8 /* SwiftyJSON.xcworkspace */,
				4B0C9EF11BB83195006C3CF8 /* Tests */,
			);
			path = SwiftyJSON;
			sourceTree = "<group>";
		};
		4B0C9ED51BB83195006C3CF8 /* Example */ = {
			isa = PBXGroup;
			children = (
				4B0C9ED61BB83195006C3CF8 /* Example */,
				4B0C9EE01BB83195006C3CF8 /* Example.xcodeproj */,
			);
			path = Example;
			sourceTree = "<group>";
		};
		4B0C9ED61BB83195006C3CF8 /* Example */ = {
			isa = PBXGroup;
			children = (
				4B0C9ED71BB83195006C3CF8 /* AppDelegate.swift */,
				4B0C9ED81BB83195006C3CF8 /* LaunchScreen.xib */,
				4B0C9EDA1BB83195006C3CF8 /* Main.storyboard */,
				4B0C9EDC1BB83195006C3CF8 /* Images.xcassets */,
				4B0C9EDD1BB83195006C3CF8 /* Info.plist */,
				4B0C9EDE1BB83195006C3CF8 /* SwiftyJSONTests.json */,
				4B0C9EDF1BB83195006C3CF8 /* ViewController.swift */,
			);
			path = Example;
			sourceTree = "<group>";
		};
		4B0C9EE11BB83195006C3CF8 /* Products */ = {
			isa = PBXGroup;
			children = (
				4B0C9F041BB83195006C3CF8 /* Example.app */,
			);
			name = Products;
			sourceTree = "<group>";
		};
		4B0C9EE61BB83195006C3CF8 /* Source */ = {
			isa = PBXGroup;
			children = (
				4B0C9EE71BB83195006C3CF8 /* Info-iOS.plist */,
				4B0C9EE81BB83195006C3CF8 /* Info-OSX.plist */,
				4B0C9EE91BB83195006C3CF8 /* Info-watchOS.plist */,
				4B0C9EEA1BB83195006C3CF8 /* SwiftyJSON.h */,
				4B0C9EEB1BB83195006C3CF8 /* SwiftyJSON.swift */,
			);
			path = Source;
			sourceTree = "<group>";
		};
		4B0C9EEE1BB83195006C3CF8 /* Products */ = {
			isa = PBXGroup;
			children = (
				4B0C9F0B1BB83195006C3CF8 /* SwiftyJSON.framework */,
				4B0C9F0D1BB83195006C3CF8 /* SwiftyJSON iOS Tests.xctest */,
				4B0C9F0F1BB83195006C3CF8 /* SwiftyJSON.framework */,
				4B0C9F111BB83195006C3CF8 /* SwiftyJSON OSX Tests.xctest */,
				4B0C9F131BB83195006C3CF8 /* SwiftyJSON.framework */,
			);
			name = Products;
			sourceTree = "<group>";
		};
		4B0C9EF11BB83195006C3CF8 /* Tests */ = {
			isa = PBXGroup;
			children = (
				4B0C9EF21BB83195006C3CF8 /* ArrayTests.swift */,
				4B0C9EF31BB83195006C3CF8 /* BaseTests.swift */,
				4B0C9EF41BB83195006C3CF8 /* ComparableTests.swift */,
				4B0C9EF51BB83195006C3CF8 /* DictionaryTests.swift */,
				4B0C9EF61BB83195006C3CF8 /* Info-iOS.plist */,
				4B0C9EF71BB83195006C3CF8 /* Info-OSX.plist */,
				4B0C9EF81BB83195006C3CF8 /* LiteralConvertibleTests.swift */,
				4B0C9EF91BB83195006C3CF8 /* NumberTests.swift */,
				4B0C9EFA1BB83195006C3CF8 /* PerformanceTests.swift */,
				4B0C9EFB1BB83195006C3CF8 /* PrintableTests.swift */,
				4B0C9EFC1BB83195006C3CF8 /* RawRepresentableTests.swift */,
				4B0C9EFD1BB83195006C3CF8 /* RawTests.swift */,
				4B0C9EFE1BB83195006C3CF8 /* SequenceTypeTests.swift */,
				4B0C9EFF1BB83195006C3CF8 /* StringTests.swift */,
				4B0C9F001BB83195006C3CF8 /* SubscriptTests.swift */,
				4B0C9F011BB83195006C3CF8 /* Tests.json */,
			);
			path = Tests;
			sourceTree = "<group>";
		};
		4B2238551B668F23000F735E = {
			isa = PBXGroup;
			children = (
				4B2238791B668F82000F735E /* Playgrounds */,
				4B2238611B668F23000F735E /* LightRoom */,
				4B22386D1B668F23000F735E /* LightRoomTests */,
				4B0C9ED11BB83195006C3CF8 /* Frameworks */,
				4B2238601B668F23000F735E /* Products */,
			);
			sourceTree = "<group>";
		};
		4B2238601B668F23000F735E /* Products */ = {
			isa = PBXGroup;
			children = (
				4B22385F1B668F23000F735E /* LightRoom.framework */,
				4B2238691B668F23000F735E /* LightRoomTests.xctest */,
			);
			name = Products;
			sourceTree = "<group>";
		};
		4B2238611B668F23000F735E /* LightRoom */ = {
			isa = PBXGroup;
			children = (
				4BD6CD271BD38E5700FFF931 /* Classes */,
				4B2238621B668F23000F735E /* LightRoom.h */,
				4B2238641B668F23000F735E /* Info.plist */,
			);
			path = LightRoom;
			sourceTree = "<group>";
		};
		4B22386D1B668F23000F735E /* LightRoomTests */ = {
			isa = PBXGroup;
			children = (
				4B2238701B668F23000F735E /* Info.plist */,
				4B2E07AA1B6FD04E005B9278 /* CreateFilterTests.swift */,
			);
			path = LightRoomTests;
			sourceTree = "<group>";
		};
		4B2238791B668F82000F735E /* Playgrounds */ = {
			isa = PBXGroup;
			children = (
				4B22387A1B668F8E000F735E /* Main.playground */,
				4BD351AA1B6DDEC500E7E038 /* QRCode.playground */,
				4BA380E61BA5DA6000C98D59 /* Filter.playground */,
			);
			path = Playgrounds;
			sourceTree = "<group>";
		};
		4BD6CD271BD38E5700FFF931 /* Classes */ = {
			isa = PBXGroup;
			children = (
				4B73F3F71C7B4FDD006AC34D /* FilterComponent.swift */,
				4B73F3FE1C7B4FE7006AC34D /* FilterChain.swift */,
				4BD6CD321BD38E5700FFF931 /* LightRoom.swift */,
				4BD6CD281BD38E5700FFF931 /* Blur.swift */,
				4BD6CD291BD38E5700FFF931 /* ColorAdjustment.swift */,
				4BD6CD2A1BD38E5700FFF931 /* ColorEffect.swift */,
				4BD6CD2C1BD38E5700FFF931 /* CompositeOperation.swift */,
				4BD6CD2D1BD38E5700FFF931 /* Detectors.swift */,
				4BD6CD2E1BD38E5700FFF931 /* DistortionEffect.swift */,
				4B0EDDDF1BD64C5800490467 /* GeometryAdjustment.swift */,
				4BD6CD301BD38E5700FFF931 /* Generator.swift */,
				4BD6CD311BD38E5700FFF931 /* Gradient.swift */,
				4BD6CD331BD38E5700FFF931 /* Sharpen.swift */,
				4BD6CD341BD38E5700FFF931 /* Stylize.swift */,
			);
			path = Classes;
			sourceTree = "<group>";
		};
/* End PBXGroup section */

/* Begin PBXHeadersBuildPhase section */
		4B22385C1B668F23000F735E /* Headers */ = {
			isa = PBXHeadersBuildPhase;
			buildActionMask = 2147483647;
			files = (
				4B2238631B668F23000F735E /* LightRoom.h in Headers */,
			);
			runOnlyForDeploymentPostprocessing = 0;
		};
/* End PBXHeadersBuildPhase section */

/* Begin PBXNativeTarget section */
		4B22385E1B668F23000F735E /* LightRoom */ = {
			isa = PBXNativeTarget;
			buildConfigurationList = 4B2238731B668F23000F735E /* Build configuration list for PBXNativeTarget "LightRoom" */;
			buildPhases = (
				4B22385A1B668F23000F735E /* Sources */,
				4B22385B1B668F23000F735E /* Frameworks */,
				4B22385C1B668F23000F735E /* Headers */,
				4B22385D1B668F23000F735E /* Resources */,
			);
			buildRules = (
			);
			dependencies = (
				4B0C9F1D1BB8600F006C3CF8 /* PBXTargetDependency */,
			);
			name = LightRoom;
			productName = LightRoom;
			productReference = 4B22385F1B668F23000F735E /* LightRoom.framework */;
			productType = "com.apple.product-type.framework";
		};
		4B2238681B668F23000F735E /* LightRoomTests */ = {
			isa = PBXNativeTarget;
			buildConfigurationList = 4B2238761B668F23000F735E /* Build configuration list for PBXNativeTarget "LightRoomTests" */;
			buildPhases = (
				4B2238651B668F23000F735E /* Sources */,
				4B2238661B668F23000F735E /* Frameworks */,
				4B2238671B668F23000F735E /* Resources */,
			);
			buildRules = (
			);
			dependencies = (
				4B22386C1B668F23000F735E /* PBXTargetDependency */,
			);
			name = LightRoomTests;
			productName = LightRoomTests;
			productReference = 4B2238691B668F23000F735E /* LightRoomTests.xctest */;
			productType = "com.apple.product-type.bundle.unit-test";
		};
/* End PBXNativeTarget section */

/* Begin PBXProject section */
		4B2238561B668F23000F735E /* Project object */ = {
			isa = PBXProject;
			attributes = {
				LastSwiftUpdateCheck = 0700;
				LastUpgradeCheck = 0700;
				ORGANIZATIONNAME = muukii;
				TargetAttributes = {
					4B22385E1B668F23000F735E = {
						CreatedOnToolsVersion = 7.0;
					};
					4B2238681B668F23000F735E = {
						CreatedOnToolsVersion = 7.0;
					};
				};
			};
			buildConfigurationList = 4B2238591B668F23000F735E /* Build configuration list for PBXProject "LightRoom" */;
			compatibilityVersion = "Xcode 3.2";
			developmentRegion = English;
			hasScannedForEncodings = 0;
			knownRegions = (
				en,
				Base,
			);
			mainGroup = 4B2238551B668F23000F735E;
			productRefGroup = 4B2238601B668F23000F735E /* Products */;
			projectDirPath = "";
			projectReferences = (
				{
					ProductGroup = 4B0C9EE11BB83195006C3CF8 /* Products */;
					ProjectRef = 4B0C9EE01BB83195006C3CF8 /* Example.xcodeproj */;
				},
				{
					ProductGroup = 4B0C9EEE1BB83195006C3CF8 /* Products */;
					ProjectRef = 4B0C9EED1BB83195006C3CF8 /* SwiftyJSON.xcodeproj */;
				},
			);
			projectRoot = "";
			targets = (
				4B22385E1B668F23000F735E /* LightRoom */,
				4B2238681B668F23000F735E /* LightRoomTests */,
			);
		};
/* End PBXProject section */

/* Begin PBXReferenceProxy section */
		4B0C9F041BB83195006C3CF8 /* Example.app */ = {
			isa = PBXReferenceProxy;
			fileType = wrapper.application;
			path = Example.app;
			remoteRef = 4B0C9F031BB83195006C3CF8 /* PBXContainerItemProxy */;
			sourceTree = BUILT_PRODUCTS_DIR;
		};
		4B0C9F0B1BB83195006C3CF8 /* SwiftyJSON.framework */ = {
			isa = PBXReferenceProxy;
			fileType = wrapper.framework;
			path = SwiftyJSON.framework;
			remoteRef = 4B0C9F0A1BB83195006C3CF8 /* PBXContainerItemProxy */;
			sourceTree = BUILT_PRODUCTS_DIR;
		};
		4B0C9F0D1BB83195006C3CF8 /* SwiftyJSON iOS Tests.xctest */ = {
			isa = PBXReferenceProxy;
			fileType = wrapper.cfbundle;
			path = "SwiftyJSON iOS Tests.xctest";
			remoteRef = 4B0C9F0C1BB83195006C3CF8 /* PBXContainerItemProxy */;
			sourceTree = BUILT_PRODUCTS_DIR;
		};
		4B0C9F0F1BB83195006C3CF8 /* SwiftyJSON.framework */ = {
			isa = PBXReferenceProxy;
			fileType = wrapper.framework;
			path = SwiftyJSON.framework;
			remoteRef = 4B0C9F0E1BB83195006C3CF8 /* PBXContainerItemProxy */;
			sourceTree = BUILT_PRODUCTS_DIR;
		};
		4B0C9F111BB83195006C3CF8 /* SwiftyJSON OSX Tests.xctest */ = {
			isa = PBXReferenceProxy;
			fileType = wrapper.cfbundle;
			path = "SwiftyJSON OSX Tests.xctest";
			remoteRef = 4B0C9F101BB83195006C3CF8 /* PBXContainerItemProxy */;
			sourceTree = BUILT_PRODUCTS_DIR;
		};
		4B0C9F131BB83195006C3CF8 /* SwiftyJSON.framework */ = {
			isa = PBXReferenceProxy;
			fileType = wrapper.framework;
			path = SwiftyJSON.framework;
			remoteRef = 4B0C9F121BB83195006C3CF8 /* PBXContainerItemProxy */;
			sourceTree = BUILT_PRODUCTS_DIR;
		};
/* End PBXReferenceProxy section */

/* Begin PBXResourcesBuildPhase section */
		4B22385D1B668F23000F735E /* Resources */ = {
			isa = PBXResourcesBuildPhase;
			buildActionMask = 2147483647;
			files = (
			);
			runOnlyForDeploymentPostprocessing = 0;
		};
		4B2238671B668F23000F735E /* Resources */ = {
			isa = PBXResourcesBuildPhase;
			buildActionMask = 2147483647;
			files = (
			);
			runOnlyForDeploymentPostprocessing = 0;
		};
/* End PBXResourcesBuildPhase section */

/* Begin PBXSourcesBuildPhase section */
		4B22385A1B668F23000F735E /* Sources */ = {
			isa = PBXSourcesBuildPhase;
			buildActionMask = 2147483647;
			files = (
				4BD6CD391BD38E5700FFF931 /* CompositeOperation.swift in Sources */,
				4BD6CD3A1BD38E5700FFF931 /* Detectors.swift in Sources */,
				4B73F3F81C7B4FDD006AC34D /* FilterComponent.swift in Sources */,
				4BD6CD351BD38E5700FFF931 /* Blur.swift in Sources */,
				4BD6CD3F1BD38E5700FFF931 /* LightRoom.swift in Sources */,
				4B73F3FF1C7B4FE7006AC34D /* FilterChain.swift in Sources */,
				4BD6CD401BD38E5700FFF931 /* Sharpen.swift in Sources */,
				4BD6CD3E1BD38E5700FFF931 /* Gradient.swift in Sources */,
				4BD6CD371BD38E5700FFF931 /* ColorEffect.swift in Sources */,
				4B0EDDE01BD64C5800490467 /* GeometryAdjustment.swift in Sources */,
				4BD6CD411BD38E5700FFF931 /* Stylize.swift in Sources */,
				4BD6CD3B1BD38E5700FFF931 /* DistortionEffect.swift in Sources */,
				4BD6CD3D1BD38E5700FFF931 /* Generator.swift in Sources */,
				4BD6CD361BD38E5700FFF931 /* ColorAdjustment.swift in Sources */,
			);
			runOnlyForDeploymentPostprocessing = 0;
		};
		4B2238651B668F23000F735E /* Sources */ = {
			isa = PBXSourcesBuildPhase;
			buildActionMask = 2147483647;
			files = (
				4B2E07AB1B6FD04E005B9278 /* CreateFilterTests.swift in Sources */,
			);
			runOnlyForDeploymentPostprocessing = 0;
		};
/* End PBXSourcesBuildPhase section */

/* Begin PBXTargetDependency section */
		4B0C9F1D1BB8600F006C3CF8 /* PBXTargetDependency */ = {
			isa = PBXTargetDependency;
			name = "SwiftyJSON iOS";
			targetProxy = 4B0C9F1C1BB8600F006C3CF8 /* PBXContainerItemProxy */;
		};
		4B22386C1B668F23000F735E /* PBXTargetDependency */ = {
			isa = PBXTargetDependency;
			target = 4B22385E1B668F23000F735E /* LightRoom */;
			targetProxy = 4B22386B1B668F23000F735E /* PBXContainerItemProxy */;
		};
/* End PBXTargetDependency section */

/* Begin PBXVariantGroup section */
		4B0C9ED81BB83195006C3CF8 /* LaunchScreen.xib */ = {
			isa = PBXVariantGroup;
			children = (
				4B0C9ED91BB83195006C3CF8 /* Base */,
			);
			name = LaunchScreen.xib;
			sourceTree = "<group>";
		};
		4B0C9EDA1BB83195006C3CF8 /* Main.storyboard */ = {
			isa = PBXVariantGroup;
			children = (
				4B0C9EDB1BB83195006C3CF8 /* Base */,
			);
			name = Main.storyboard;
			sourceTree = "<group>";
		};
/* End PBXVariantGroup section */

/* Begin XCBuildConfiguration section */
		4B2238711B668F23000F735E /* Debug */ = {
			isa = XCBuildConfiguration;
			buildSettings = {
				ALWAYS_SEARCH_USER_PATHS = NO;
				CLANG_CXX_LANGUAGE_STANDARD = "gnu++0x";
				CLANG_CXX_LIBRARY = "libc++";
				CLANG_ENABLE_MODULES = YES;
				CLANG_ENABLE_OBJC_ARC = YES;
				CLANG_WARN_BOOL_CONVERSION = YES;
				CLANG_WARN_CONSTANT_CONVERSION = YES;
				CLANG_WARN_DIRECT_OBJC_ISA_USAGE = YES_ERROR;
				CLANG_WARN_EMPTY_BODY = YES;
				CLANG_WARN_ENUM_CONVERSION = YES;
				CLANG_WARN_INT_CONVERSION = YES;
				CLANG_WARN_OBJC_ROOT_CLASS = YES_ERROR;
				CLANG_WARN_UNREACHABLE_CODE = YES;
				CLANG_WARN__DUPLICATE_METHOD_MATCH = YES;
				"CODE_SIGN_IDENTITY[sdk=iphoneos*]" = "iPhone Developer";
				COPY_PHASE_STRIP = NO;
				CURRENT_PROJECT_VERSION = 1;
				DEBUG_INFORMATION_FORMAT = dwarf;
				ENABLE_STRICT_OBJC_MSGSEND = YES;
				ENABLE_TESTABILITY = YES;
				GCC_C_LANGUAGE_STANDARD = gnu99;
				GCC_DYNAMIC_NO_PIC = NO;
				GCC_NO_COMMON_BLOCKS = YES;
				GCC_OPTIMIZATION_LEVEL = 0;
				GCC_PREPROCESSOR_DEFINITIONS = (
					"DEBUG=1",
					"$(inherited)",
				);
				GCC_WARN_64_TO_32_BIT_CONVERSION = YES;
				GCC_WARN_ABOUT_RETURN_TYPE = YES_ERROR;
				GCC_WARN_UNDECLARED_SELECTOR = YES;
				GCC_WARN_UNINITIALIZED_AUTOS = YES_AGGRESSIVE;
				GCC_WARN_UNUSED_FUNCTION = YES;
				GCC_WARN_UNUSED_VARIABLE = YES;
				IPHONEOS_DEPLOYMENT_TARGET = 9.0;
				MTL_ENABLE_DEBUG_INFO = YES;
				ONLY_ACTIVE_ARCH = YES;
				SDKROOT = iphoneos;
				SWIFT_OPTIMIZATION_LEVEL = "-Onone";
				TARGETED_DEVICE_FAMILY = "1,2";
				VERSIONING_SYSTEM = "apple-generic";
				VERSION_INFO_PREFIX = "";
			};
			name = Debug;
		};
		4B2238721B668F23000F735E /* Release */ = {
			isa = XCBuildConfiguration;
			buildSettings = {
				ALWAYS_SEARCH_USER_PATHS = NO;
				CLANG_CXX_LANGUAGE_STANDARD = "gnu++0x";
				CLANG_CXX_LIBRARY = "libc++";
				CLANG_ENABLE_MODULES = YES;
				CLANG_ENABLE_OBJC_ARC = YES;
				CLANG_WARN_BOOL_CONVERSION = YES;
				CLANG_WARN_CONSTANT_CONVERSION = YES;
				CLANG_WARN_DIRECT_OBJC_ISA_USAGE = YES_ERROR;
				CLANG_WARN_EMPTY_BODY = YES;
				CLANG_WARN_ENUM_CONVERSION = YES;
				CLANG_WARN_INT_CONVERSION = YES;
				CLANG_WARN_OBJC_ROOT_CLASS = YES_ERROR;
				CLANG_WARN_UNREACHABLE_CODE = YES;
				CLANG_WARN__DUPLICATE_METHOD_MATCH = YES;
				"CODE_SIGN_IDENTITY[sdk=iphoneos*]" = "iPhone Developer";
				COPY_PHASE_STRIP = NO;
				CURRENT_PROJECT_VERSION = 1;
				DEBUG_INFORMATION_FORMAT = "dwarf-with-dsym";
				ENABLE_NS_ASSERTIONS = NO;
				ENABLE_STRICT_OBJC_MSGSEND = YES;
				GCC_C_LANGUAGE_STANDARD = gnu99;
				GCC_NO_COMMON_BLOCKS = YES;
				GCC_WARN_64_TO_32_BIT_CONVERSION = YES;
				GCC_WARN_ABOUT_RETURN_TYPE = YES_ERROR;
				GCC_WARN_UNDECLARED_SELECTOR = YES;
				GCC_WARN_UNINITIALIZED_AUTOS = YES_AGGRESSIVE;
				GCC_WARN_UNUSED_FUNCTION = YES;
				GCC_WARN_UNUSED_VARIABLE = YES;
				IPHONEOS_DEPLOYMENT_TARGET = 9.0;
				MTL_ENABLE_DEBUG_INFO = NO;
				SDKROOT = iphoneos;
				TARGETED_DEVICE_FAMILY = "1,2";
				VALIDATE_PRODUCT = YES;
				VERSIONING_SYSTEM = "apple-generic";
				VERSION_INFO_PREFIX = "";
			};
			name = Release;
		};
		4B2238741B668F23000F735E /* Debug */ = {
			isa = XCBuildConfiguration;
			buildSettings = {
				CLANG_ENABLE_MODULES = YES;
				DEFINES_MODULE = YES;
				DYLIB_COMPATIBILITY_VERSION = 1;
				DYLIB_CURRENT_VERSION = 1;
				DYLIB_INSTALL_NAME_BASE = "@rpath";
				INFOPLIST_FILE = LightRoom/Info.plist;
				INSTALL_PATH = "$(LOCAL_LIBRARY_DIR)/Frameworks";
				LD_RUNPATH_SEARCH_PATHS = "$(inherited) @executable_path/Frameworks @loader_path/Frameworks";
				PRODUCT_BUNDLE_IDENTIFIER = me.muukii.LightRoom;
				PRODUCT_NAME = "$(TARGET_NAME)";
				SKIP_INSTALL = YES;
				SWIFT_OPTIMIZATION_LEVEL = "-Onone";
			};
			name = Debug;
		};
		4B2238751B668F23000F735E /* Release */ = {
			isa = XCBuildConfiguration;
			buildSettings = {
				CLANG_ENABLE_MODULES = YES;
				DEFINES_MODULE = YES;
				DYLIB_COMPATIBILITY_VERSION = 1;
				DYLIB_CURRENT_VERSION = 1;
				DYLIB_INSTALL_NAME_BASE = "@rpath";
				INFOPLIST_FILE = LightRoom/Info.plist;
				INSTALL_PATH = "$(LOCAL_LIBRARY_DIR)/Frameworks";
				LD_RUNPATH_SEARCH_PATHS = "$(inherited) @executable_path/Frameworks @loader_path/Frameworks";
				PRODUCT_BUNDLE_IDENTIFIER = me.muukii.LightRoom;
				PRODUCT_NAME = "$(TARGET_NAME)";
				SKIP_INSTALL = YES;
			};
			name = Release;
		};
		4B2238771B668F23000F735E /* Debug */ = {
			isa = XCBuildConfiguration;
			buildSettings = {
				CLANG_ENABLE_MODULES = YES;
				INFOPLIST_FILE = LightRoomTests/Info.plist;
				LD_RUNPATH_SEARCH_PATHS = "$(inherited) @executable_path/Frameworks @loader_path/Frameworks";
				PRODUCT_BUNDLE_IDENTIFIER = me.muukii.LightRoomTests;
				PRODUCT_NAME = "$(TARGET_NAME)";
				SWIFT_OPTIMIZATION_LEVEL = "-Onone";
			};
			name = Debug;
		};
		4B2238781B668F23000F735E /* Release */ = {
			isa = XCBuildConfiguration;
			buildSettings = {
				CLANG_ENABLE_MODULES = YES;
				INFOPLIST_FILE = LightRoomTests/Info.plist;
				LD_RUNPATH_SEARCH_PATHS = "$(inherited) @executable_path/Frameworks @loader_path/Frameworks";
				PRODUCT_BUNDLE_IDENTIFIER = me.muukii.LightRoomTests;
				PRODUCT_NAME = "$(TARGET_NAME)";
			};
			name = Release;
		};
/* End XCBuildConfiguration section */

/* Begin XCConfigurationList section */
		4B2238591B668F23000F735E /* Build configuration list for PBXProject "LightRoom" */ = {
			isa = XCConfigurationList;
			buildConfigurations = (
				4B2238711B668F23000F735E /* Debug */,
				4B2238721B668F23000F735E /* Release */,
			);
			defaultConfigurationIsVisible = 0;
			defaultConfigurationName = Release;
		};
		4B2238731B668F23000F735E /* Build configuration list for PBXNativeTarget "LightRoom" */ = {
			isa = XCConfigurationList;
			buildConfigurations = (
				4B2238741B668F23000F735E /* Debug */,
				4B2238751B668F23000F735E /* Release */,
			);
			defaultConfigurationIsVisible = 0;
			defaultConfigurationName = Release;
		};
		4B2238761B668F23000F735E /* Build configuration list for PBXNativeTarget "LightRoomTests" */ = {
			isa = XCConfigurationList;
			buildConfigurations = (
				4B2238771B668F23000F735E /* Debug */,
				4B2238781B668F23000F735E /* Release */,
			);
			defaultConfigurationIsVisible = 0;
			defaultConfigurationName = Release;
		};
/* End XCConfigurationList section */
	};
	rootObject = 4B2238561B668F23000F735E /* Project object */;
}
